
Microsoft Visual Studio Solution File, Format Version 12.00
# Visual Studio Version 17
VisualStudioVersion = 17.4.33122.133
MinimumVisualStudioVersion = 10.0.40219.1
Project("{9A19103F-16F7-4668-BE54-9A1E7A4F7556}") = "Installments", "Installments\Installments.csproj", "{FE7C8B82-7971-41F1-880B-E1D7EA1709D5}"
EndProject
Global
	GlobalSection(SolutionConfigurationPlatforms) = preSolution
		Debug|Any CPU = Debug|Any CPU
		Release|Any CPU = Release|Any CPU
	EndGlobalSection
	GlobalSection(ProjectConfigurationPlatforms) = postSolution
		{FE7C8B82-7971-41F1-880B-E1D7EA1709D5}.Debug|Any CPU.ActiveCfg = Debug|Any CPU
		{FE7C8B82-7971-41F1-880B-E1D7EA1709D5}.Debug|Any CPU.Build.0 = Debug|Any CPU
		{FE7C8B82-7971-41F1-880B-E1D7EA1709D5}.Release|Any CPU.ActiveCfg = Release|Any CPU
		{FE7C8B82-7971-41F1-880B-E1D7EA1709D5}.Release|Any CPU.Build.0 = Release|Any CPU
	EndGlobalSection
	GlobalSection(SolutionProperties) = preSolution
		HideSolutionNode = FALSE
	EndGlobalSection
	GlobalSection(ExtensibilityGlobals) = postSolution
		SolutionGuid = {CDFB4314-5510-4933-9C5F-4F819C54B49C}
	EndGlobalSection
EndGlobal
